
Microsoft Visual Studio Solution File, Format Version 12.00
# Visual Studio Version 16
VisualStudioVersion = 16.0.29025.244
MinimumVisualStudioVersion = 10.0.40219.1
Project("{FAE04EC0-301F-11D3-BF4B-00C04F79EFBC}") = "LearnU-WebApi", "LearnU-WebApi\LearnU-WebApi.csproj", "{2E7B4666-94DF-46FE-B686-C0B308ADB627}"
EndProject
Project("{FAE04EC0-301F-11D3-BF4B-00C04F79EFBC}") = "LearnU-DomainEntities", "LearnU-DomainEntities\LearnU-DomainEntities.csproj", "{4521D6EE-2198-48C4-AEDD-6F43B44D6A14}"
EndProject
Project("{FAE04EC0-301F-11D3-BF4B-00C04F79EFBC}") = "LearnU-UnitTests", "LearnU-UnitTests\LearnU-UnitTests.csproj", "{C756C3B7-D569-42E7-BE8A-EBE649D17C8F}"
EndProject
Global
	GlobalSection(SolutionConfigurationPlatforms) = preSolution
		Debug|Any CPU = Debug|Any CPU
		Release|Any CPU = Release|Any CPU
	EndGlobalSection
	GlobalSection(ProjectConfigurationPlatforms) = postSolution
		{2E7B4666-94DF-46FE-B686-C0B308ADB627}.Debug|Any CPU.ActiveCfg = Debug|Any CPU
		{2E7B4666-94DF-46FE-B686-C0B308ADB627}.Debug|Any CPU.Build.0 = Debug|Any CPU
		{2E7B4666-94DF-46FE-B686-C0B308ADB627}.Release|Any CPU.ActiveCfg = Release|Any CPU
		{2E7B4666-94DF-46FE-B686-C0B308ADB627}.Release|Any CPU.Build.0 = Release|Any CPU
		{4521D6EE-2198-48C4-AEDD-6F43B44D6A14}.Debug|Any CPU.ActiveCfg = Debug|Any CPU
		{4521D6EE-2198-48C4-AEDD-6F43B44D6A14}.Debug|Any CPU.Build.0 = Debug|Any CPU
		{4521D6EE-2198-48C4-AEDD-6F43B44D6A14}.Release|Any CPU.ActiveCfg = Release|Any CPU
		{4521D6EE-2198-48C4-AEDD-6F43B44D6A14}.Release|Any CPU.Build.0 = Release|Any CPU
		{C756C3B7-D569-42E7-BE8A-EBE649D17C8F}.Debug|Any CPU.ActiveCfg = Debug|Any CPU
		{C756C3B7-D569-42E7-BE8A-EBE649D17C8F}.Debug|Any CPU.Build.0 = Debug|Any CPU
		{C756C3B7-D569-42E7-BE8A-EBE649D17C8F}.Release|Any CPU.ActiveCfg = Release|Any CPU
		{C756C3B7-D569-42E7-BE8A-EBE649D17C8F}.Release|Any CPU.Build.0 = Release|Any CPU
	EndGlobalSection
	GlobalSection(SolutionProperties) = preSolution
		HideSolutionNode = FALSE
	EndGlobalSection
	GlobalSection(ExtensibilityGlobals) = postSolution
		SolutionGuid = {A26E3531-C1B8-4007-B99E-2E164C7A8F20}
	EndGlobalSection
EndGlobal
