
Microsoft Visual Studio Solution File, Format Version 12.00
# Visual Studio Version 16
VisualStudioVersion = 16.0.29025.244
MinimumVisualStudioVersion = 10.0.40219.1
Project("{9A19103F-16F7-4668-BE54-9A1E7A4F7556}") = "StoreU-WebApi", "StoreU-WepApi\StoreU-WebApi.csproj", "{7BBA323E-65B7-4359-86CE-C23EEAFBC767}"
EndProject
Project("{9A19103F-16F7-4668-BE54-9A1E7A4F7556}") = "StoreU-UnitTests", "StoreU-UnitTests\StoreU-UnitTests.csproj", "{023B4D90-C36B-45BC-9E68-BC07D015C337}"
EndProject
Project("{FAE04EC0-301F-11D3-BF4B-00C04F79EFBC}") = "StoreU-DomainEntities", "StoreU-Domain\StoreU-DomainEntities.csproj", "{A2B47430-B705-4684-8AAA-88B837095D9F}"
EndProject
Global
	GlobalSection(SolutionConfigurationPlatforms) = preSolution
		Debug|Any CPU = Debug|Any CPU
		Release|Any CPU = Release|Any CPU
	EndGlobalSection
	GlobalSection(ProjectConfigurationPlatforms) = postSolution
		{7BBA323E-65B7-4359-86CE-C23EEAFBC767}.Debug|Any CPU.ActiveCfg = Debug|Any CPU
		{7BBA323E-65B7-4359-86CE-C23EEAFBC767}.Debug|Any CPU.Build.0 = Debug|Any CPU
		{7BBA323E-65B7-4359-86CE-C23EEAFBC767}.Release|Any CPU.ActiveCfg = Release|Any CPU
		{7BBA323E-65B7-4359-86CE-C23EEAFBC767}.Release|Any CPU.Build.0 = Release|Any CPU
		{023B4D90-C36B-45BC-9E68-BC07D015C337}.Debug|Any CPU.ActiveCfg = Debug|Any CPU
		{023B4D90-C36B-45BC-9E68-BC07D015C337}.Debug|Any CPU.Build.0 = Debug|Any CPU
		{023B4D90-C36B-45BC-9E68-BC07D015C337}.Release|Any CPU.ActiveCfg = Release|Any CPU
		{023B4D90-C36B-45BC-9E68-BC07D015C337}.Release|Any CPU.Build.0 = Release|Any CPU
		{A2B47430-B705-4684-8AAA-88B837095D9F}.Debug|Any CPU.ActiveCfg = Debug|Any CPU
		{A2B47430-B705-4684-8AAA-88B837095D9F}.Debug|Any CPU.Build.0 = Debug|Any CPU
		{A2B47430-B705-4684-8AAA-88B837095D9F}.Release|Any CPU.ActiveCfg = Release|Any CPU
		{A2B47430-B705-4684-8AAA-88B837095D9F}.Release|Any CPU.Build.0 = Release|Any CPU
	EndGlobalSection
	GlobalSection(SolutionProperties) = preSolution
		HideSolutionNode = FALSE
	EndGlobalSection
	GlobalSection(ExtensibilityGlobals) = postSolution
		SolutionGuid = {48D45EB2-415E-4E19-AB99-223C4A4EECC7}
	EndGlobalSection
EndGlobal
